
Microsoft Visual Studio Solution File, Format Version 10.00
# Visual Studio 2008
Project("{FAE04EC0-301F-11D3-BF4B-00C04F79EFBC}") = "ToneAPI", "ToneAPI\ToneAPI.csproj", "{B1781163-8610-4984-9518-F726D9A4BD15}"
EndProject
Project("{FAE04EC0-301F-11D3-BF4B-00C04F79EFBC}") = "Example", "Example\Example.csproj", "{876496E0-F459-4D1B-BA82-4ABB9BD49B88}"
EndProject
Global
	GlobalSection(SolutionConfigurationPlatforms) = preSolution
		Debug|Any CPU = Debug|Any CPU
		Release|Any CPU = Release|Any CPU
	EndGlobalSection
	GlobalSection(ProjectConfigurationPlatforms) = postSolution
		{B1781163-8610-4984-9518-F726D9A4BD15}.Debug|Any CPU.ActiveCfg = Debug|Any CPU
		{B1781163-8610-4984-9518-F726D9A4BD15}.Debug|Any CPU.Build.0 = Debug|Any CPU
		{B1781163-8610-4984-9518-F726D9A4BD15}.Release|Any CPU.ActiveCfg = Release|Any CPU
		{B1781163-8610-4984-9518-F726D9A4BD15}.Release|Any CPU.Build.0 = Release|Any CPU
		{876496E0-F459-4D1B-BA82-4ABB9BD49B88}.Debug|Any CPU.ActiveCfg = Debug|Any CPU
		{876496E0-F459-4D1B-BA82-4ABB9BD49B88}.Debug|Any CPU.Build.0 = Debug|Any CPU
		{876496E0-F459-4D1B-BA82-4ABB9BD49B88}.Release|Any CPU.ActiveCfg = Release|Any CPU
		{876496E0-F459-4D1B-BA82-4ABB9BD49B88}.Release|Any CPU.Build.0 = Release|Any CPU
	EndGlobalSection
	GlobalSection(SolutionProperties) = preSolution
		HideSolutionNode = FALSE
	EndGlobalSection
EndGlobal
